
Microsoft Visual Studio Solution File, Format Version 12.00
Project("{FAE04EC0-301F-11D3-BF4B-00C04F79EFBC}") = "SolarWatch", "SolarWatch\SolarWatch.csproj", "{661FB8E4-ADB3-4436-9967-FC332E0E331C}"
EndProject
Global
	GlobalSection(SolutionConfigurationPlatforms) = preSolution
		Debug|Any CPU = Debug|Any CPU
		Release|Any CPU = Release|Any CPU
	EndGlobalSection
	GlobalSection(ProjectConfigurationPlatforms) = postSolution
		{661FB8E4-ADB3-4436-9967-FC332E0E331C}.Debug|Any CPU.ActiveCfg = Debug|Any CPU
		{661FB8E4-ADB3-4436-9967-FC332E0E331C}.Debug|Any CPU.Build.0 = Debug|Any CPU
		{661FB8E4-ADB3-4436-9967-FC332E0E331C}.Release|Any CPU.ActiveCfg = Release|Any CPU
		{661FB8E4-ADB3-4436-9967-FC332E0E331C}.Release|Any CPU.Build.0 = Release|Any CPU
	EndGlobalSection
EndGlobal
